
Microsoft Visual Studio Solution File, Format Version 12.00
# Visual Studio Version 17
VisualStudioVersion = 17.14.36518.9
MinimumVisualStudioVersion = 10.0.40219.1
Project("{FAE04EC0-301F-11D3-BF4B-00C04F79EFBC}") = "fftivc.asset.zoditexturepack", "fftivc.asset.zoditexturepack.csproj", "{A3D29E83-C23C-28D7-E4E8-D733249A9499}"
EndProject
Global
	GlobalSection(SolutionConfigurationPlatforms) = preSolution
		Debug|Any CPU = Debug|Any CPU
		Release|Any CPU = Release|Any CPU
	EndGlobalSection
	GlobalSection(ProjectConfigurationPlatforms) = postSolution
		{A3D29E83-C23C-28D7-E4E8-D733249A9499}.Debug|Any CPU.ActiveCfg = Release|Any CPU
		{A3D29E83-C23C-28D7-E4E8-D733249A9499}.Debug|Any CPU.Build.0 = Release|Any CPU
		{A3D29E83-C23C-28D7-E4E8-D733249A9499}.Release|Any CPU.ActiveCfg = Release|Any CPU
		{A3D29E83-C23C-28D7-E4E8-D733249A9499}.Release|Any CPU.Build.0 = Release|Any CPU
	EndGlobalSection
	GlobalSection(SolutionProperties) = preSolution
		HideSolutionNode = FALSE
	EndGlobalSection
	GlobalSection(ExtensibilityGlobals) = postSolution
		SolutionGuid = {2BB6FAD3-E380-4138-82DF-0E1A7843439C}
	EndGlobalSection
EndGlobal
